
Microsoft Visual Studio Solution File, Format Version 12.00
# Visual Studio 15
VisualStudioVersion = 15.0.26730.10
MinimumVisualStudioVersion = 10.0.40219.1

Project("{6EC3EE1D-3C4E-46DD-8F32-0CC8E7565705}") = "MarvelFormsElmish", "MarvelFormsElmish\MarvelFormsElmish.fsproj", "{532A0D9A-6125-4823-A20E-1421ECB764F3}"
EndProject

Project("{F2A71F9B-5D33-465A-A702-920D77279786}") = "MarvelFormsElmish.Android", "MarvelFormsElmish.Android\MarvelFormsElmish.Android.fsproj", "{C2F80844-184B-4E3B-BF05-5B38D24A858A}"
EndProject

Project("{F2A71F9B-5D33-465A-A702-920D77279786}") = "MarvelFormsElmish.iOS", "MarvelFormsElmish.iOS\MarvelFormsElmish.iOS.fsproj", "{0DC2E267-8301-4308-8CC1-EFE6D605D2D1}"
EndProject



Global
	GlobalSection(SolutionConfigurationPlatforms) = preSolution
		Ad-Hoc|Any CPU = Ad-Hoc|Any CPU
		Ad-Hoc|ARM = Ad-Hoc|ARM
		Ad-Hoc|iPhone = Ad-Hoc|iPhone
		Ad-Hoc|iPhoneSimulator = Ad-Hoc|iPhoneSimulator
		Ad-Hoc|x64 = Ad-Hoc|x64
		Ad-Hoc|x86 = Ad-Hoc|x86
		AppStore|Any CPU = AppStore|Any CPU
		AppStore|ARM = AppStore|ARM
		AppStore|iPhone = AppStore|iPhone
		AppStore|iPhoneSimulator = AppStore|iPhoneSimulator
		AppStore|x64 = AppStore|x64
		AppStore|x86 = AppStore|x86
		Debug|Any CPU = Debug|Any CPU
		Debug|ARM = Debug|ARM
		Debug|iPhone = Debug|iPhone
		Debug|iPhoneSimulator = Debug|iPhoneSimulator
		Debug|x64 = Debug|x64
		Debug|x86 = Debug|x86
		Release|Any CPU = Release|Any CPU
		Release|ARM = Release|ARM
		Release|iPhone = Release|iPhone
		Release|iPhoneSimulator = Release|iPhoneSimulator
		Release|x64 = Release|x64
		Release|x86 = Release|x86
	EndGlobalSection
	GlobalSection(ProjectConfigurationPlatforms) = postSolution
		{532A0D9A-6125-4823-A20E-1421ECB764F3}.Ad-Hoc|Any CPU.ActiveCfg = Debug|Any CPU
		{532A0D9A-6125-4823-A20E-1421ECB764F3}.Ad-Hoc|Any CPU.Build.0 = Debug|Any CPU
		{532A0D9A-6125-4823-A20E-1421ECB764F3}.Ad-Hoc|ARM.ActiveCfg = Debug|Any CPU
		{532A0D9A-6125-4823-A20E-1421ECB764F3}.Ad-Hoc|ARM.Build.0 = Debug|Any CPU
		{532A0D9A-6125-4823-A20E-1421ECB764F3}.Ad-Hoc|iPhone.ActiveCfg = Debug|Any CPU
		{532A0D9A-6125-4823-A20E-1421ECB764F3}.Ad-Hoc|iPhone.Build.0 = Debug|Any CPU
		{532A0D9A-6125-4823-A20E-1421ECB764F3}.Ad-Hoc|iPhoneSimulator.ActiveCfg = Debug|Any CPU
		{532A0D9A-6125-4823-A20E-1421ECB764F3}.Ad-Hoc|iPhoneSimulator.Build.0 = Debug|Any CPU
		{532A0D9A-6125-4823-A20E-1421ECB764F3}.Ad-Hoc|x64.ActiveCfg = Debug|Any CPU
		{532A0D9A-6125-4823-A20E-1421ECB764F3}.Ad-Hoc|x64.Build.0 = Debug|Any CPU
		{532A0D9A-6125-4823-A20E-1421ECB764F3}.Ad-Hoc|x86.ActiveCfg = Debug|Any CPU
		{532A0D9A-6125-4823-A20E-1421ECB764F3}.Ad-Hoc|x86.Build.0 = Debug|Any CPU
		{532A0D9A-6125-4823-A20E-1421ECB764F3}.AppStore|Any CPU.ActiveCfg = Debug|Any CPU
		{532A0D9A-6125-4823-A20E-1421ECB764F3}.AppStore|Any CPU.Build.0 = Debug|Any CPU
		{532A0D9A-6125-4823-A20E-1421ECB764F3}.AppStore|ARM.ActiveCfg = Debug|Any CPU
		{532A0D9A-6125-4823-A20E-1421ECB764F3}.AppStore|ARM.Build.0 = Debug|Any CPU
		{532A0D9A-6125-4823-A20E-1421ECB764F3}.AppStore|iPhone.ActiveCfg = Debug|Any CPU
		{532A0D9A-6125-4823-A20E-1421ECB764F3}.AppStore|iPhone.Build.0 = Debug|Any CPU
		{532A0D9A-6125-4823-A20E-1421ECB764F3}.AppStore|iPhoneSimulator.ActiveCfg = Debug|Any CPU
		{532A0D9A-6125-4823-A20E-1421ECB764F3}.AppStore|iPhoneSimulator.Build.0 = Debug|Any CPU
		{532A0D9A-6125-4823-A20E-1421ECB764F3}.AppStore|x64.ActiveCfg = Debug|Any CPU
		{532A0D9A-6125-4823-A20E-1421ECB764F3}.AppStore|x64.Build.0 = Debug|Any CPU
		{532A0D9A-6125-4823-A20E-1421ECB764F3}.AppStore|x86.ActiveCfg = Debug|Any CPU
		{532A0D9A-6125-4823-A20E-1421ECB764F3}.AppStore|x86.Build.0 = Debug|Any CPU
		{532A0D9A-6125-4823-A20E-1421ECB764F3}.Debug|Any CPU.ActiveCfg = Debug|Any CPU
		{532A0D9A-6125-4823-A20E-1421ECB764F3}.Debug|Any CPU.Build.0 = Debug|Any CPU
		{532A0D9A-6125-4823-A20E-1421ECB764F3}.Debug|ARM.ActiveCfg = Debug|Any CPU
		{532A0D9A-6125-4823-A20E-1421ECB764F3}.Debug|ARM.Build.0 = Debug|Any CPU
		{532A0D9A-6125-4823-A20E-1421ECB764F3}.Debug|iPhone.ActiveCfg = Debug|Any CPU
		{532A0D9A-6125-4823-A20E-1421ECB764F3}.Debug|iPhone.Build.0 = Debug|Any CPU
		{532A0D9A-6125-4823-A20E-1421ECB764F3}.Debug|iPhoneSimulator.ActiveCfg = Debug|Any CPU
		{532A0D9A-6125-4823-A20E-1421ECB764F3}.Debug|iPhoneSimulator.Build.0 = Debug|Any CPU
		{532A0D9A-6125-4823-A20E-1421ECB764F3}.Debug|x64.ActiveCfg = Debug|Any CPU
		{532A0D9A-6125-4823-A20E-1421ECB764F3}.Debug|x64.Build.0 = Debug|Any CPU
		{532A0D9A-6125-4823-A20E-1421ECB764F3}.Debug|x86.ActiveCfg = Debug|Any CPU
		{532A0D9A-6125-4823-A20E-1421ECB764F3}.Debug|x86.Build.0 = Debug|Any CPU
		{532A0D9A-6125-4823-A20E-1421ECB764F3}.Release|Any CPU.ActiveCfg = Release|Any CPU
		{532A0D9A-6125-4823-A20E-1421ECB764F3}.Release|Any CPU.Build.0 = Release|Any CPU
		{532A0D9A-6125-4823-A20E-1421ECB764F3}.Release|ARM.ActiveCfg = Release|Any CPU
		{532A0D9A-6125-4823-A20E-1421ECB764F3}.Release|ARM.Build.0 = Release|Any CPU
		{532A0D9A-6125-4823-A20E-1421ECB764F3}.Release|iPhone.ActiveCfg = Release|Any CPU
		{532A0D9A-6125-4823-A20E-1421ECB764F3}.Release|iPhone.Build.0 = Release|Any CPU
		{532A0D9A-6125-4823-A20E-1421ECB764F3}.Release|iPhoneSimulator.ActiveCfg = Release|Any CPU
		{532A0D9A-6125-4823-A20E-1421ECB764F3}.Release|iPhoneSimulator.Build.0 = Release|Any CPU
		{532A0D9A-6125-4823-A20E-1421ECB764F3}.Release|x64.ActiveCfg = Release|Any CPU
		{532A0D9A-6125-4823-A20E-1421ECB764F3}.Release|x64.Build.0 = Release|Any CPU
		{532A0D9A-6125-4823-A20E-1421ECB764F3}.Release|x86.ActiveCfg = Release|Any CPU
		{532A0D9A-6125-4823-A20E-1421ECB764F3}.Release|x86.Build.0 = Release|Any CPU
		{0DC2E267-8301-4308-8CC1-EFE6D605D2D1}.Ad-Hoc|Any CPU.ActiveCfg = Ad-Hoc|iPhone
		{0DC2E267-8301-4308-8CC1-EFE6D605D2D1}.Ad-Hoc|ARM.ActiveCfg = Ad-Hoc|iPhone
		{0DC2E267-8301-4308-8CC1-EFE6D605D2D1}.Ad-Hoc|iPhone.ActiveCfg = Ad-Hoc|iPhone
		{0DC2E267-8301-4308-8CC1-EFE6D605D2D1}.Ad-Hoc|iPhone.Build.0 = Ad-Hoc|iPhone
		{0DC2E267-8301-4308-8CC1-EFE6D605D2D1}.Ad-Hoc|iPhoneSimulator.ActiveCfg = Ad-Hoc|iPhoneSimulator
		{0DC2E267-8301-4308-8CC1-EFE6D605D2D1}.Ad-Hoc|iPhoneSimulator.Build.0 = Ad-Hoc|iPhoneSimulator
		{0DC2E267-8301-4308-8CC1-EFE6D605D2D1}.Ad-Hoc|x64.ActiveCfg = Ad-Hoc|iPhone
		{0DC2E267-8301-4308-8CC1-EFE6D605D2D1}.Ad-Hoc|x86.ActiveCfg = Ad-Hoc|iPhone
		{0DC2E267-8301-4308-8CC1-EFE6D605D2D1}.AppStore|Any CPU.ActiveCfg = AppStore|iPhone
		{0DC2E267-8301-4308-8CC1-EFE6D605D2D1}.AppStore|ARM.ActiveCfg = AppStore|iPhone
		{0DC2E267-8301-4308-8CC1-EFE6D605D2D1}.AppStore|iPhone.ActiveCfg = AppStore|iPhone
		{0DC2E267-8301-4308-8CC1-EFE6D605D2D1}.AppStore|iPhone.Build.0 = AppStore|iPhone
		{0DC2E267-8301-4308-8CC1-EFE6D605D2D1}.AppStore|iPhoneSimulator.ActiveCfg = AppStore|iPhoneSimulator
		{0DC2E267-8301-4308-8CC1-EFE6D605D2D1}.AppStore|iPhoneSimulator.Build.0 = AppStore|iPhoneSimulator
		{0DC2E267-8301-4308-8CC1-EFE6D605D2D1}.AppStore|x64.ActiveCfg = AppStore|iPhone
		{0DC2E267-8301-4308-8CC1-EFE6D605D2D1}.AppStore|x86.ActiveCfg = AppStore|iPhone
		{0DC2E267-8301-4308-8CC1-EFE6D605D2D1}.Debug|Any CPU.ActiveCfg = Debug|iPhone
		{0DC2E267-8301-4308-8CC1-EFE6D605D2D1}.Debug|ARM.ActiveCfg = Debug|iPhone
		{0DC2E267-8301-4308-8CC1-EFE6D605D2D1}.Debug|iPhone.ActiveCfg = Debug|iPhone
		{0DC2E267-8301-4308-8CC1-EFE6D605D2D1}.Debug|iPhone.Build.0 = Debug|iPhone
		{0DC2E267-8301-4308-8CC1-EFE6D605D2D1}.Debug|iPhoneSimulator.ActiveCfg = Debug|iPhoneSimulator
		{0DC2E267-8301-4308-8CC1-EFE6D605D2D1}.Debug|iPhoneSimulator.Build.0 = Debug|iPhoneSimulator
		{0DC2E267-8301-4308-8CC1-EFE6D605D2D1}.Debug|x64.ActiveCfg = Debug|iPhone
		{0DC2E267-8301-4308-8CC1-EFE6D605D2D1}.Debug|x86.ActiveCfg = Debug|iPhone
		{0DC2E267-8301-4308-8CC1-EFE6D605D2D1}.Release|Any CPU.ActiveCfg = Release|iPhone
		{0DC2E267-8301-4308-8CC1-EFE6D605D2D1}.Release|ARM.ActiveCfg = Release|iPhone
		{0DC2E267-8301-4308-8CC1-EFE6D605D2D1}.Release|iPhone.ActiveCfg = Release|iPhone
		{0DC2E267-8301-4308-8CC1-EFE6D605D2D1}.Release|iPhone.Build.0 = Release|iPhone
		{0DC2E267-8301-4308-8CC1-EFE6D605D2D1}.Release|iPhoneSimulator.ActiveCfg = Release|iPhoneSimulator
		{0DC2E267-8301-4308-8CC1-EFE6D605D2D1}.Release|iPhoneSimulator.Build.0 = Release|iPhoneSimulator
		{0DC2E267-8301-4308-8CC1-EFE6D605D2D1}.Release|x64.ActiveCfg = Release|iPhone
		{0DC2E267-8301-4308-8CC1-EFE6D605D2D1}.Release|x86.ActiveCfg = Release|iPhone
		{2D1B6359-F7DF-41C8-B646-6B45B4E89029}.Ad-Hoc|Any CPU.ActiveCfg = Release|x86
		{2D1B6359-F7DF-41C8-B646-6B45B4E89029}.Ad-Hoc|Any CPU.Build.0 = Release|x86
		{2D1B6359-F7DF-41C8-B646-6B45B4E89029}.Ad-Hoc|Any CPU.Deploy.0 = Release|x86
		{2D1B6359-F7DF-41C8-B646-6B45B4E89029}.Ad-Hoc|ARM.ActiveCfg = Release|ARM
		{2D1B6359-F7DF-41C8-B646-6B45B4E89029}.Ad-Hoc|ARM.Build.0 = Release|ARM
		{2D1B6359-F7DF-41C8-B646-6B45B4E89029}.Ad-Hoc|ARM.Deploy.0 = Release|ARM
		{2D1B6359-F7DF-41C8-B646-6B45B4E89029}.Ad-Hoc|iPhone.ActiveCfg = Release|x86
		{2D1B6359-F7DF-41C8-B646-6B45B4E89029}.Ad-Hoc|iPhone.Build.0 = Release|x86
		{2D1B6359-F7DF-41C8-B646-6B45B4E89029}.Ad-Hoc|iPhone.Deploy.0 = Release|x86
		{2D1B6359-F7DF-41C8-B646-6B45B4E89029}.Ad-Hoc|iPhoneSimulator.ActiveCfg = Release|x86
		{2D1B6359-F7DF-41C8-B646-6B45B4E89029}.Ad-Hoc|iPhoneSimulator.Build.0 = Release|x86
		{2D1B6359-F7DF-41C8-B646-6B45B4E89029}.Ad-Hoc|iPhoneSimulator.Deploy.0 = Release|x86
		{2D1B6359-F7DF-41C8-B646-6B45B4E89029}.Ad-Hoc|x64.ActiveCfg = Release|x64
		{2D1B6359-F7DF-41C8-B646-6B45B4E89029}.Ad-Hoc|x64.Build.0 = Release|x64
		{2D1B6359-F7DF-41C8-B646-6B45B4E89029}.Ad-Hoc|x64.Deploy.0 = Release|x64
		{2D1B6359-F7DF-41C8-B646-6B45B4E89029}.Ad-Hoc|x86.ActiveCfg = Release|x86
		{2D1B6359-F7DF-41C8-B646-6B45B4E89029}.Ad-Hoc|x86.Build.0 = Release|x86
		{2D1B6359-F7DF-41C8-B646-6B45B4E89029}.Ad-Hoc|x86.Deploy.0 = Release|x86
		{2D1B6359-F7DF-41C8-B646-6B45B4E89029}.AppStore|Any CPU.ActiveCfg = Release|x86
		{2D1B6359-F7DF-41C8-B646-6B45B4E89029}.AppStore|Any CPU.Build.0 = Release|x86
		{2D1B6359-F7DF-41C8-B646-6B45B4E89029}.AppStore|Any CPU.Deploy.0 = Release|x86
		{2D1B6359-F7DF-41C8-B646-6B45B4E89029}.AppStore|ARM.ActiveCfg = Release|ARM
		{2D1B6359-F7DF-41C8-B646-6B45B4E89029}.AppStore|ARM.Build.0 = Release|ARM
		{2D1B6359-F7DF-41C8-B646-6B45B4E89029}.AppStore|ARM.Deploy.0 = Release|ARM
		{2D1B6359-F7DF-41C8-B646-6B45B4E89029}.AppStore|iPhone.ActiveCfg = Release|x86
		{2D1B6359-F7DF-41C8-B646-6B45B4E89029}.AppStore|iPhone.Build.0 = Release|x86
		{2D1B6359-F7DF-41C8-B646-6B45B4E89029}.AppStore|iPhone.Deploy.0 = Release|x86
		{2D1B6359-F7DF-41C8-B646-6B45B4E89029}.AppStore|iPhoneSimulator.ActiveCfg = Release|x86
		{2D1B6359-F7DF-41C8-B646-6B45B4E89029}.AppStore|iPhoneSimulator.Build.0 = Release|x86
		{2D1B6359-F7DF-41C8-B646-6B45B4E89029}.AppStore|iPhoneSimulator.Deploy.0 = Release|x86
		{2D1B6359-F7DF-41C8-B646-6B45B4E89029}.AppStore|x64.ActiveCfg = Release|x64
		{2D1B6359-F7DF-41C8-B646-6B45B4E89029}.AppStore|x64.Build.0 = Release|x64
		{2D1B6359-F7DF-41C8-B646-6B45B4E89029}.AppStore|x64.Deploy.0 = Release|x64
		{2D1B6359-F7DF-41C8-B646-6B45B4E89029}.AppStore|x86.ActiveCfg = Release|x86
		{2D1B6359-F7DF-41C8-B646-6B45B4E89029}.AppStore|x86.Build.0 = Release|x86
		{2D1B6359-F7DF-41C8-B646-6B45B4E89029}.AppStore|x86.Deploy.0 = Release|x86
		{2D1B6359-F7DF-41C8-B646-6B45B4E89029}.Debug|Any CPU.ActiveCfg = Debug|x86
		{2D1B6359-F7DF-41C8-B646-6B45B4E89029}.Debug|ARM.ActiveCfg = Debug|ARM
		{2D1B6359-F7DF-41C8-B646-6B45B4E89029}.Debug|ARM.Build.0 = Debug|ARM
		{2D1B6359-F7DF-41C8-B646-6B45B4E89029}.Debug|ARM.Deploy.0 = Debug|ARM
		{2D1B6359-F7DF-41C8-B646-6B45B4E89029}.Debug|iPhone.ActiveCfg = Debug|x86
		{2D1B6359-F7DF-41C8-B646-6B45B4E89029}.Debug|iPhoneSimulator.ActiveCfg = Debug|x86
		{2D1B6359-F7DF-41C8-B646-6B45B4E89029}.Debug|x64.ActiveCfg = Debug|x64
		{2D1B6359-F7DF-41C8-B646-6B45B4E89029}.Debug|x64.Build.0 = Debug|x64
		{2D1B6359-F7DF-41C8-B646-6B45B4E89029}.Debug|x64.Deploy.0 = Debug|x64
		{2D1B6359-F7DF-41C8-B646-6B45B4E89029}.Debug|x86.ActiveCfg = Debug|x86
		{2D1B6359-F7DF-41C8-B646-6B45B4E89029}.Debug|x86.Build.0 = Debug|x86
		{2D1B6359-F7DF-41C8-B646-6B45B4E89029}.Debug|x86.Deploy.0 = Debug|x86
		{2D1B6359-F7DF-41C8-B646-6B45B4E89029}.Release|Any CPU.ActiveCfg = Release|x86
		{2D1B6359-F7DF-41C8-B646-6B45B4E89029}.Release|ARM.ActiveCfg = Release|ARM
		{2D1B6359-F7DF-41C8-B646-6B45B4E89029}.Release|ARM.Build.0 = Release|ARM
		{2D1B6359-F7DF-41C8-B646-6B45B4E89029}.Release|ARM.Deploy.0 = Release|ARM
		{2D1B6359-F7DF-41C8-B646-6B45B4E89029}.Release|iPhone.ActiveCfg = Release|x86
		{2D1B6359-F7DF-41C8-B646-6B45B4E89029}.Release|iPhoneSimulator.ActiveCfg = Release|x86
		{2D1B6359-F7DF-41C8-B646-6B45B4E89029}.Release|x64.ActiveCfg = Release|x64
		{2D1B6359-F7DF-41C8-B646-6B45B4E89029}.Release|x64.Build.0 = Release|x64
		{2D1B6359-F7DF-41C8-B646-6B45B4E89029}.Release|x64.Deploy.0 = Release|x64
		{2D1B6359-F7DF-41C8-B646-6B45B4E89029}.Release|x86.ActiveCfg = Release|x86
		{2D1B6359-F7DF-41C8-B646-6B45B4E89029}.Release|x86.Build.0 = Release|x86
		{2D1B6359-F7DF-41C8-B646-6B45B4E89029}.Release|x86.Deploy.0 = Release|x86
		{76D630D8-3DA3-43B2-AE93-681997BD19DA}.Ad-Hoc|Any CPU.ActiveCfg = Release|Any CPU
		{76D630D8-3DA3-43B2-AE93-681997BD19DA}.Ad-Hoc|Any CPU.Build.0 = Release|Any CPU
		{76D630D8-3DA3-43B2-AE93-681997BD19DA}.Ad-Hoc|ARM.ActiveCfg = Release|Any CPU
		{76D630D8-3DA3-43B2-AE93-681997BD19DA}.Ad-Hoc|ARM.Build.0 = Release|Any CPU
		{76D630D8-3DA3-43B2-AE93-681997BD19DA}.Ad-Hoc|iPhone.ActiveCfg = Release|Any CPU
		{76D630D8-3DA3-43B2-AE93-681997BD19DA}.Ad-Hoc|iPhone.Build.0 = Release|Any CPU
		{76D630D8-3DA3-43B2-AE93-681997BD19DA}.Ad-Hoc|iPhoneSimulator.ActiveCfg = Release|Any CPU
		{76D630D8-3DA3-43B2-AE93-681997BD19DA}.Ad-Hoc|iPhoneSimulator.Build.0 = Release|Any CPU
		{76D630D8-3DA3-43B2-AE93-681997BD19DA}.Ad-Hoc|x64.ActiveCfg = Release|Any CPU
		{76D630D8-3DA3-43B2-AE93-681997BD19DA}.Ad-Hoc|x64.Build.0 = Release|Any CPU
		{76D630D8-3DA3-43B2-AE93-681997BD19DA}.Ad-Hoc|x86.ActiveCfg = Release|Any CPU
		{76D630D8-3DA3-43B2-AE93-681997BD19DA}.Ad-Hoc|x86.Build.0 = Release|Any CPU
		{76D630D8-3DA3-43B2-AE93-681997BD19DA}.AppStore|Any CPU.ActiveCfg = Release|Any CPU
		{76D630D8-3DA3-43B2-AE93-681997BD19DA}.AppStore|Any CPU.Build.0 = Release|Any CPU
		{76D630D8-3DA3-43B2-AE93-681997BD19DA}.AppStore|ARM.ActiveCfg = Release|Any CPU
		{76D630D8-3DA3-43B2-AE93-681997BD19DA}.AppStore|ARM.Build.0 = Release|Any CPU
		{76D630D8-3DA3-43B2-AE93-681997BD19DA}.AppStore|iPhone.ActiveCfg = Release|Any CPU
		{76D630D8-3DA3-43B2-AE93-681997BD19DA}.AppStore|iPhone.Build.0 = Release|Any CPU
		{76D630D8-3DA3-43B2-AE93-681997BD19DA}.AppStore|iPhoneSimulator.ActiveCfg = Release|Any CPU
		{76D630D8-3DA3-43B2-AE93-681997BD19DA}.AppStore|iPhoneSimulator.Build.0 = Release|Any CPU
		{76D630D8-3DA3-43B2-AE93-681997BD19DA}.AppStore|x64.ActiveCfg = Release|Any CPU
		{76D630D8-3DA3-43B2-AE93-681997BD19DA}.AppStore|x64.Build.0 = Release|Any CPU
		{76D630D8-3DA3-43B2-AE93-681997BD19DA}.AppStore|x86.ActiveCfg = Release|Any CPU
		{76D630D8-3DA3-43B2-AE93-681997BD19DA}.AppStore|x86.Build.0 = Release|Any CPU
		{76D630D8-3DA3-43B2-AE93-681997BD19DA}.Debug|Any CPU.ActiveCfg = Debug|Any CPU
		{76D630D8-3DA3-43B2-AE93-681997BD19DA}.Debug|Any CPU.Build.0 = Debug|Any CPU
		{76D630D8-3DA3-43B2-AE93-681997BD19DA}.Debug|ARM.ActiveCfg = Debug|Any CPU
		{76D630D8-3DA3-43B2-AE93-681997BD19DA}.Debug|ARM.Build.0 = Debug|Any CPU
		{76D630D8-3DA3-43B2-AE93-681997BD19DA}.Debug|iPhone.ActiveCfg = Debug|Any CPU
		{76D630D8-3DA3-43B2-AE93-681997BD19DA}.Debug|iPhone.Build.0 = Debug|Any CPU
		{76D630D8-3DA3-43B2-AE93-681997BD19DA}.Debug|iPhoneSimulator.ActiveCfg = Debug|Any CPU
		{76D630D8-3DA3-43B2-AE93-681997BD19DA}.Debug|iPhoneSimulator.Build.0 = Debug|Any CPU
		{76D630D8-3DA3-43B2-AE93-681997BD19DA}.Debug|x64.ActiveCfg = Debug|Any CPU
		{76D630D8-3DA3-43B2-AE93-681997BD19DA}.Debug|x64.Build.0 = Debug|Any CPU
		{76D630D8-3DA3-43B2-AE93-681997BD19DA}.Debug|x86.ActiveCfg = Debug|Any CPU
		{76D630D8-3DA3-43B2-AE93-681997BD19DA}.Debug|x86.Build.0 = Debug|Any CPU
		{76D630D8-3DA3-43B2-AE93-681997BD19DA}.Release|Any CPU.ActiveCfg = Release|Any CPU
		{76D630D8-3DA3-43B2-AE93-681997BD19DA}.Release|Any CPU.Build.0 = Release|Any CPU
		{76D630D8-3DA3-43B2-AE93-681997BD19DA}.Release|ARM.ActiveCfg = Release|Any CPU
		{76D630D8-3DA3-43B2-AE93-681997BD19DA}.Release|ARM.Build.0 = Release|Any CPU
		{76D630D8-3DA3-43B2-AE93-681997BD19DA}.Release|iPhone.ActiveCfg = Release|Any CPU
		{76D630D8-3DA3-43B2-AE93-681997BD19DA}.Release|iPhone.Build.0 = Release|Any CPU
		{76D630D8-3DA3-43B2-AE93-681997BD19DA}.Release|iPhoneSimulator.ActiveCfg = Release|Any CPU
		{76D630D8-3DA3-43B2-AE93-681997BD19DA}.Release|iPhoneSimulator.Build.0 = Release|Any CPU
		{76D630D8-3DA3-43B2-AE93-681997BD19DA}.Release|x64.ActiveCfg = Release|Any CPU
		{76D630D8-3DA3-43B2-AE93-681997BD19DA}.Release|x64.Build.0 = Release|Any CPU
		{76D630D8-3DA3-43B2-AE93-681997BD19DA}.Release|x86.ActiveCfg = Release|Any CPU
		{76D630D8-3DA3-43B2-AE93-681997BD19DA}.Release|x86.Build.0 = Release|Any CPU
		{C2F80844-184B-4E3B-BF05-5B38D24A858A}.Ad-Hoc|Any CPU.ActiveCfg = Release|Any CPU
		{C2F80844-184B-4E3B-BF05-5B38D24A858A}.Ad-Hoc|Any CPU.Build.0 = Release|Any CPU
		{C2F80844-184B-4E3B-BF05-5B38D24A858A}.Ad-Hoc|ARM.ActiveCfg = Release|Any CPU
		{C2F80844-184B-4E3B-BF05-5B38D24A858A}.Ad-Hoc|ARM.Build.0 = Release|Any CPU
		{C2F80844-184B-4E3B-BF05-5B38D24A858A}.Ad-Hoc|iPhone.ActiveCfg = Release|Any CPU
		{C2F80844-184B-4E3B-BF05-5B38D24A858A}.Ad-Hoc|iPhone.Build.0 = Release|Any CPU
		{C2F80844-184B-4E3B-BF05-5B38D24A858A}.Ad-Hoc|iPhoneSimulator.ActiveCfg = Release|Any CPU
		{C2F80844-184B-4E3B-BF05-5B38D24A858A}.Ad-Hoc|iPhoneSimulator.Build.0 = Release|Any CPU
		{C2F80844-184B-4E3B-BF05-5B38D24A858A}.Ad-Hoc|x64.ActiveCfg = Release|Any CPU
		{C2F80844-184B-4E3B-BF05-5B38D24A858A}.Ad-Hoc|x64.Build.0 = Release|Any CPU
		{C2F80844-184B-4E3B-BF05-5B38D24A858A}.Ad-Hoc|x86.ActiveCfg = Release|Any CPU
		{C2F80844-184B-4E3B-BF05-5B38D24A858A}.Ad-Hoc|x86.Build.0 = Release|Any CPU
		{C2F80844-184B-4E3B-BF05-5B38D24A858A}.AppStore|Any CPU.ActiveCfg = Release|Any CPU
		{C2F80844-184B-4E3B-BF05-5B38D24A858A}.AppStore|Any CPU.Build.0 = Release|Any CPU
		{C2F80844-184B-4E3B-BF05-5B38D24A858A}.AppStore|ARM.ActiveCfg = Release|Any CPU
		{C2F80844-184B-4E3B-BF05-5B38D24A858A}.AppStore|ARM.Build.0 = Release|Any CPU
		{C2F80844-184B-4E3B-BF05-5B38D24A858A}.AppStore|iPhone.ActiveCfg = Release|Any CPU
		{C2F80844-184B-4E3B-BF05-5B38D24A858A}.AppStore|iPhone.Build.0 = Release|Any CPU
		{C2F80844-184B-4E3B-BF05-5B38D24A858A}.AppStore|iPhoneSimulator.ActiveCfg = Release|Any CPU
		{C2F80844-184B-4E3B-BF05-5B38D24A858A}.AppStore|iPhoneSimulator.Build.0 = Release|Any CPU
		{C2F80844-184B-4E3B-BF05-5B38D24A858A}.AppStore|x64.ActiveCfg = Release|Any CPU
		{C2F80844-184B-4E3B-BF05-5B38D24A858A}.AppStore|x64.Build.0 = Release|Any CPU
		{C2F80844-184B-4E3B-BF05-5B38D24A858A}.AppStore|x86.ActiveCfg = Release|Any CPU
		{C2F80844-184B-4E3B-BF05-5B38D24A858A}.AppStore|x86.Build.0 = Release|Any CPU
		{C2F80844-184B-4E3B-BF05-5B38D24A858A}.Debug|Any CPU.ActiveCfg = Debug|Any CPU
		{C2F80844-184B-4E3B-BF05-5B38D24A858A}.Debug|Any CPU.Build.0 = Debug|Any CPU
		{C2F80844-184B-4E3B-BF05-5B38D24A858A}.Debug|Any CPU.Deploy.0 = Debug|Any CPU
		{C2F80844-184B-4E3B-BF05-5B38D24A858A}.Debug|ARM.ActiveCfg = Debug|Any CPU
		{C2F80844-184B-4E3B-BF05-5B38D24A858A}.Debug|ARM.Build.0 = Debug|Any CPU
		{C2F80844-184B-4E3B-BF05-5B38D24A858A}.Debug|iPhone.ActiveCfg = Debug|Any CPU
		{C2F80844-184B-4E3B-BF05-5B38D24A858A}.Debug|iPhone.Build.0 = Debug|Any CPU
		{C2F80844-184B-4E3B-BF05-5B38D24A858A}.Debug|iPhoneSimulator.ActiveCfg = Debug|Any CPU
		{C2F80844-184B-4E3B-BF05-5B38D24A858A}.Debug|iPhoneSimulator.Build.0 = Debug|Any CPU
		{C2F80844-184B-4E3B-BF05-5B38D24A858A}.Debug|x64.ActiveCfg = Debug|Any CPU
		{C2F80844-184B-4E3B-BF05-5B38D24A858A}.Debug|x64.Build.0 = Debug|Any CPU
		{C2F80844-184B-4E3B-BF05-5B38D24A858A}.Debug|x86.ActiveCfg = Debug|Any CPU
		{C2F80844-184B-4E3B-BF05-5B38D24A858A}.Debug|x86.Build.0 = Debug|Any CPU
		{C2F80844-184B-4E3B-BF05-5B38D24A858A}.Release|Any CPU.ActiveCfg = Release|Any CPU
		{C2F80844-184B-4E3B-BF05-5B38D24A858A}.Release|Any CPU.Build.0 = Release|Any CPU
		{C2F80844-184B-4E3B-BF05-5B38D24A858A}.Release|Any CPU.Deploy.0 = Release|Any CPU
		{C2F80844-184B-4E3B-BF05-5B38D24A858A}.Release|ARM.ActiveCfg = Release|Any CPU
		{C2F80844-184B-4E3B-BF05-5B38D24A858A}.Release|ARM.Build.0 = Release|Any CPU
		{C2F80844-184B-4E3B-BF05-5B38D24A858A}.Release|iPhone.ActiveCfg = Release|Any CPU
		{C2F80844-184B-4E3B-BF05-5B38D24A858A}.Release|iPhone.Build.0 = Release|Any CPU
		{C2F80844-184B-4E3B-BF05-5B38D24A858A}.Release|iPhoneSimulator.ActiveCfg = Release|Any CPU
		{C2F80844-184B-4E3B-BF05-5B38D24A858A}.Release|iPhoneSimulator.Build.0 = Release|Any CPU
		{C2F80844-184B-4E3B-BF05-5B38D24A858A}.Release|x64.ActiveCfg = Release|Any CPU
		{C2F80844-184B-4E3B-BF05-5B38D24A858A}.Release|x64.Build.0 = Release|Any CPU
		{C2F80844-184B-4E3B-BF05-5B38D24A858A}.Release|x86.ActiveCfg = Release|Any CPU
		{C2F80844-184B-4E3B-BF05-5B38D24A858A}.Release|x86.Build.0 = Release|Any CPU
	EndGlobalSection
	GlobalSection(SolutionProperties) = preSolution
		HideSolutionNode = FALSE
	EndGlobalSection
	GlobalSection(ExtensibilityGlobals) = postSolution
		SolutionGuid = {F6D05029-56B8-4E45-AF2D-0E76295DDBA2}
	EndGlobalSection
EndGlobal
